{
    "_meta": {
        "hash": {
            "sha256": "c63103a67f8c339c12a8a62e60f57bd9b8c2d66631b8c3d43a11f6b207cb9d20"
        },
        "pipfile-spec": 6,
        "requires": {
            "python_version": "3.8"
        },
        "sources": [
            {
                "name": "pypi",
                "url": "https://pypi.org/simple",
                "verify_ssl": true
            }
        ]
    },
    "default": {
        "install": {
            "hashes": [
                "sha256:0d3fadf4aa62c95efe8d34757c8507eb46177f86c016c21c6551eafc6a53d5a9",
                "sha256:e67c8a0be5ccf8cb4ffa17d090f3a61b6e820e6a7e21cd1d2c0f7bc59b18e647"
            ],
            "index": "pypi",
            "version": "==1.3.5"
        },
        "openrgb-python": {
            "git": "https://github.com/jath03/openrgb-python",
            "hashes": [
                "sha256:9781137765e7df108e49cba1969799a471f2ce7a0f4a26d2582d6d09b785bf5c",
                "sha256:ad37e9a8c33e21477cacc9b0febd79b0808ba0f1cbe8a2da46b9948d64df5240"
            ],
            "ref": "44dff5e07e234ba64b1724a0a7e252eca8136b1f"
        },
        "pycairo": {
            "hashes": [
                "sha256:031f5ef2c80792673f2c54ee285f2a31779a44d7521a27a7f82e4a5ecfafc26e",
                "sha256:1444d52f1bb4cc79a4a0c0fe2ccec4bd78ff885ab01ebe1c0f637d8392bcafb6",
                "sha256:220742f187d3940d695c1af1a0c1646e26dc2199d65b7bafaa527e15c3520fd3",
                "sha256:26fe2c32ba24caae524d855f26f3ee1a0c1ea3291da2a19604264ed29f64d834",
                "sha256:3199d6a0538d6482c71efb816bd330515e98bb06f182e23572c77d92be98f536",
                "sha256:4631ed794a3376ec314ce47826c3e51940b54695f4ef7d5b3245b203037ae760",
                "sha256:6ad5c3425408ebb0dfaad2cca4a80e7524d7a309305acdb2569638b5cc988fe7",
                "sha256:afccac552386ab628e8ae658185fa363e8d15a5afe96d1de43f97027dd78bdd6",
                "sha256:c5f6efdd86fe13d36a6b004c64d8e97cde9854d599cf6cca962afb1966fe533d",
                "sha256:c7c79e748ec849811241d29553184c3ad93c857558dbe9954a49327680b8d356",
                "sha256:ed0622a0ccffb873ffe7fee1699d60779f1260fba143390e5366d55f1d1739f5"
            ],
            "index": "pypi",
            "version": "==1.24.0"
        },
        "pygobject": {
            "hashes": [
                "sha256:481437b05af0a66b7c366ea052710eb3aacbb979d22d30b797f7ec29347ab1e6"
            ],
            "index": "pypi",
            "version": "==3.46.0"
        }
    },
    "develop": {}
}
